// !$*UTF8*$!
{
	archiveVersion = 1;
	classes = {
	};
	objectVersion = 46;
	objects = {

/* Begin PBXBuildFile section */
		1415E1CC18DEFBD3007360B5 /* ANDYMainViewController.m in Sources */ = {isa = PBXBuildFile; fileRef = 1415E1CB18DEFBD3007360B5 /* ANDYMainViewController.m */; };
		147CCFFC18C68C930062BD44 /* Foundation.framework in Frameworks */ = {isa = PBXBuildFile; fileRef = 147CCFFB18C68C930062BD44 /* Foundation.framework */; };
		147CCFFE18C68C930062BD44 /* CoreGraphics.framework in Frameworks */ = {isa = PBXBuildFile; fileRef = 147CCFFD18C68C930062BD44 /* CoreGraphics.framework */; };
		147CD00018C68C930062BD44 /* UIKit.framework in Frameworks */ = {isa = PBXBuildFile; fileRef = 147CCFFF18C68C930062BD44 /* UIKit.framework */; };
		147CD00618C68C930062BD44 /* InfoPlist.strings in Resources */ = {isa = PBXBuildFile; fileRef = 147CD00418C68C930062BD44 /* InfoPlist.strings */; };
		147CD00818C68C930062BD44 /* main.m in Sources */ = {isa = PBXBuildFile; fileRef = 147CD00718C68C930062BD44 /* main.m */; };
		147CD00E18C68C930062BD44 /* Images.xcassets in Resources */ = {isa = PBXBuildFile; fileRef = 147CD00D18C68C930062BD44 /* Images.xcassets */; };
		147CD01518C68C930062BD44 /* XCTest.framework in Frameworks */ = {isa = PBXBuildFile; fileRef = 147CD01418C68C930062BD44 /* XCTest.framework */; };
		147CD01618C68C930062BD44 /* Foundation.framework in Frameworks */ = {isa = PBXBuildFile; fileRef = 147CCFFB18C68C930062BD44 /* Foundation.framework */; };
		147CD01718C68C930062BD44 /* UIKit.framework in Frameworks */ = {isa = PBXBuildFile; fileRef = 147CCFFF18C68C930062BD44 /* UIKit.framework */; };
		147CD01F18C68C930062BD44 /* InfoPlist.strings in Resources */ = {isa = PBXBuildFile; fileRef = 147CD01D18C68C930062BD44 /* InfoPlist.strings */; };
		147CD02118C68C930062BD44 /* DemoTests.m in Sources */ = {isa = PBXBuildFile; fileRef = 147CD02018C68C930062BD44 /* DemoTests.m */; };
		147CD02D18C68CC00062BD44 /* ANDYAppDelegate.m in Sources */ = {isa = PBXBuildFile; fileRef = 147CD02C18C68CC00062BD44 /* ANDYAppDelegate.m */; };
		147CD03718C68F8A0062BD44 /* ANDYCardStackViewController.m in Sources */ = {isa = PBXBuildFile; fileRef = 147CD03618C68F8A0062BD44 /* ANDYCardStackViewController.m */; };
		1484D7F618C7C290002FB775 /* ANDYCardStackLayout.m in Sources */ = {isa = PBXBuildFile; fileRef = 1484D7F518C7C290002FB775 /* ANDYCardStackLayout.m */; };
		1484D7F918C7C2BD002FB775 /* ANDYCardCell.m in Sources */ = {isa = PBXBuildFile; fileRef = 1484D7F818C7C2BD002FB775 /* ANDYCardCell.m */; };
/* End PBXBuildFile section */

/* Begin PBXContainerItemProxy section */
		147CD01818C68C930062BD44 /* PBXContainerItemProxy */ = {
			isa = PBXContainerItemProxy;
			containerPortal = 147CCFF018C68C930062BD44 /* Project object */;
			proxyType = 1;
			remoteGlobalIDString = 147CCFF718C68C930062BD44;
			remoteInfo = Demo;
		};
/* End PBXContainerItemProxy section */

/* Begin PBXFileReference section */
		1415E1CA18DEFBD3007360B5 /* ANDYMainViewController.h */ = {isa = PBXFileReference; fileEncoding = 4; lastKnownFileType = sourcecode.c.h; path = ANDYMainViewController.h; sourceTree = "<group>"; };
		1415E1CB18DEFBD3007360B5 /* ANDYMainViewController.m */ = {isa = PBXFileReference; fileEncoding = 4; lastKnownFileType = sourcecode.c.objc; path = ANDYMainViewController.m; sourceTree = "<group>"; };
		147CCFF818C68C930062BD44 /* Demo.app */ = {isa = PBXFileReference; explicitFileType = wrapper.application; includeInIndex = 0; path = Demo.app; sourceTree = BUILT_PRODUCTS_DIR; };
		147CCFFB18C68C930062BD44 /* Foundation.framework */ = {isa = PBXFileReference; lastKnownFileType = wrapper.framework; name = Foundation.framework; path = System/Library/Frameworks/Foundation.framework; sourceTree = SDKROOT; };
		147CCFFD18C68C930062BD44 /* CoreGraphics.framework */ = {isa = PBXFileReference; lastKnownFileType = wrapper.framework; name = CoreGraphics.framework; path = System/Library/Frameworks/CoreGraphics.framework; sourceTree = SDKROOT; };
		147CCFFF18C68C930062BD44 /* UIKit.framework */ = {isa = PBXFileReference; lastKnownFileType = wrapper.framework; name = UIKit.framework; path = System/Library/Frameworks/UIKit.framework; sourceTree = SDKROOT; };
		147CD00318C68C930062BD44 /* Demo-Info.plist */ = {isa = PBXFileReference; lastKnownFileType = text.plist.xml; path = "Demo-Info.plist"; sourceTree = "<group>"; };
		147CD00518C68C930062BD44 /* en */ = {isa = PBXFileReference; lastKnownFileType = text.plist.strings; name = en; path = en.lproj/InfoPlist.strings; sourceTree = "<group>"; };
		147CD00718C68C930062BD44 /* main.m */ = {isa = PBXFileReference; lastKnownFileType = sourcecode.c.objc; path = main.m; sourceTree = "<group>"; };
		147CD00918C68C930062BD44 /* Demo-Prefix.pch */ = {isa = PBXFileReference; lastKnownFileType = sourcecode.c.h; path = "Demo-Prefix.pch"; sourceTree = "<group>"; };
		147CD00D18C68C930062BD44 /* Images.xcassets */ = {isa = PBXFileReference; lastKnownFileType = folder.assetcatalog; path = Images.xcassets; sourceTree = "<group>"; };
		147CD01318C68C930062BD44 /* DemoTests.xctest */ = {isa = PBXFileReference; explicitFileType = wrapper.cfbundle; includeInIndex = 0; path = DemoTests.xctest; sourceTree = BUILT_PRODUCTS_DIR; };
		147CD01418C68C930062BD44 /* XCTest.framework */ = {isa = PBXFileReference; lastKnownFileType = wrapper.framework; name = XCTest.framework; path = Library/Frameworks/XCTest.framework; sourceTree = DEVELOPER_DIR; };
		147CD01C18C68C930062BD44 /* DemoTests-Info.plist */ = {isa = PBXFileReference; lastKnownFileType = text.plist.xml; path = "DemoTests-Info.plist"; sourceTree = "<group>"; };
		147CD01E18C68C930062BD44 /* en */ = {isa = PBXFileReference; lastKnownFileType = text.plist.strings; name = en; path = en.lproj/InfoPlist.strings; sourceTree = "<group>"; };
		147CD02018C68C930062BD44 /* DemoTests.m */ = {isa = PBXFileReference; lastKnownFileType = sourcecode.c.objc; path = DemoTests.m; sourceTree = "<group>"; };
		147CD02B18C68CC00062BD44 /* ANDYAppDelegate.h */ = {isa = PBXFileReference; fileEncoding = 4; lastKnownFileType = sourcecode.c.h; path = ANDYAppDelegate.h; sourceTree = "<group>"; };
		147CD02C18C68CC00062BD44 /* ANDYAppDelegate.m */ = {isa = PBXFileReference; fileEncoding = 4; lastKnownFileType = sourcecode.c.objc; path = ANDYAppDelegate.m; sourceTree = "<group>"; };
		147CD03518C68F8A0062BD44 /* ANDYCardStackViewController.h */ = {isa = PBXFileReference; fileEncoding = 4; lastKnownFileType = sourcecode.c.h; path = ANDYCardStackViewController.h; sourceTree = "<group>"; };
		147CD03618C68F8A0062BD44 /* ANDYCardStackViewController.m */ = {isa = PBXFileReference; fileEncoding = 4; lastKnownFileType = sourcecode.c.objc; path = ANDYCardStackViewController.m; sourceTree = "<group>"; };
		1484D7F418C7C290002FB775 /* ANDYCardStackLayout.h */ = {isa = PBXFileReference; fileEncoding = 4; lastKnownFileType = sourcecode.c.h; path = ANDYCardStackLayout.h; sourceTree = "<group>"; };
		1484D7F518C7C290002FB775 /* ANDYCardStackLayout.m */ = {isa = PBXFileReference; fileEncoding = 4; lastKnownFileType = sourcecode.c.objc; path = ANDYCardStackLayout.m; sourceTree = "<group>"; };
		1484D7F718C7C2BD002FB775 /* ANDYCardCell.h */ = {isa = PBXFileReference; fileEncoding = 4; lastKnownFileType = sourcecode.c.h; path = ANDYCardCell.h; sourceTree = "<group>"; };
		1484D7F818C7C2BD002FB775 /* ANDYCardCell.m */ = {isa = PBXFileReference; fileEncoding = 4; lastKnownFileType = sourcecode.c.objc; path = ANDYCardCell.m; sourceTree = "<group>"; };
/* End PBXFileReference section */

/* Begin PBXFrameworksBuildPhase section */
		147CCFF518C68C930062BD44 /* Frameworks */ = {
			isa = PBXFrameworksBuildPhase;
			buildActionMask = 2147483647;
			files = (
				147CCFFE18C68C930062BD44 /* CoreGraphics.framework in Frameworks */,
				147CD00018C68C930062BD44 /* UIKit.framework in Frameworks */,
				147CCFFC18C68C930062BD44 /* Foundation.framework in Frameworks */,
			);
			runOnlyForDeploymentPostprocessing = 0;
		};
		147CD01018C68C930062BD44 /* Frameworks */ = {
			isa = PBXFrameworksBuildPhase;
			buildActionMask = 2147483647;
			files = (
				147CD01518C68C930062BD44 /* XCTest.framework in Frameworks */,
				147CD01718C68C930062BD44 /* UIKit.framework in Frameworks */,
				147CD01618C68C930062BD44 /* Foundation.framework in Frameworks */,
			);
			runOnlyForDeploymentPostprocessing = 0;
		};
/* End PBXFrameworksBuildPhase section */

/* Begin PBXGroup section */
		1415E1C918DEFBD3007360B5 /* Classes */ = {
			isa = PBXGroup;
			children = (
				1415E1CA18DEFBD3007360B5 /* ANDYMainViewController.h */,
				1415E1CB18DEFBD3007360B5 /* ANDYMainViewController.m */,
			);
			path = Classes;
			sourceTree = "<group>";
		};
		147CCFEF18C68C930062BD44 = {
			isa = PBXGroup;
			children = (
				147CD03418C68F8A0062BD44 /* ANDYCardStack */,
				147CD00118C68C930062BD44 /* Demo */,
				147CD01A18C68C930062BD44 /* DemoTests */,
				147CCFFA18C68C930062BD44 /* Frameworks */,
				147CCFF918C68C930062BD44 /* Products */,
			);
			sourceTree = "<group>";
		};
		147CCFF918C68C930062BD44 /* Products */ = {
			isa = PBXGroup;
			children = (
				147CCFF818C68C930062BD44 /* Demo.app */,
				147CD01318C68C930062BD44 /* DemoTests.xctest */,
			);
			name = Products;
			sourceTree = "<group>";
		};
		147CCFFA18C68C930062BD44 /* Frameworks */ = {
			isa = PBXGroup;
			children = (
				147CCFFB18C68C930062BD44 /* Foundation.framework */,
				147CCFFD18C68C930062BD44 /* CoreGraphics.framework */,
				147CCFFF18C68C930062BD44 /* UIKit.framework */,
				147CD01418C68C930062BD44 /* XCTest.framework */,
			);
			name = Frameworks;
			sourceTree = "<group>";
		};
		147CD00118C68C930062BD44 /* Demo */ = {
			isa = PBXGroup;
			children = (
				147CD02A18C68CC00062BD44 /* AppDelegate */,
				1415E1C918DEFBD3007360B5 /* Classes */,
				147CD00218C68C930062BD44 /* Supporting Files */,
			);
			path = Demo;
			sourceTree = "<group>";
		};
		147CD00218C68C930062BD44 /* Supporting Files */ = {
			isa = PBXGroup;
			children = (
				147CD00D18C68C930062BD44 /* Images.xcassets */,
				147CD00318C68C930062BD44 /* Demo-Info.plist */,
				147CD00418C68C930062BD44 /* InfoPlist.strings */,
				147CD00718C68C930062BD44 /* main.m */,
				147CD00918C68C930062BD44 /* Demo-Prefix.pch */,
			);
			name = "Supporting Files";
			sourceTree = "<group>";
		};
		147CD01A18C68C930062BD44 /* DemoTests */ = {
			isa = PBXGroup;
			children = (
				147CD02018C68C930062BD44 /* DemoTests.m */,
				147CD01B18C68C930062BD44 /* Supporting Files */,
			);
			path = DemoTests;
			sourceTree = "<group>";
		};
		147CD01B18C68C930062BD44 /* Supporting Files */ = {
			isa = PBXGroup;
			children = (
				147CD01C18C68C930062BD44 /* DemoTests-Info.plist */,
				147CD01D18C68C930062BD44 /* InfoPlist.strings */,
			);
			name = "Supporting Files";
			sourceTree = "<group>";
		};
		147CD02A18C68CC00062BD44 /* AppDelegate */ = {
			isa = PBXGroup;
			children = (
				147CD02B18C68CC00062BD44 /* ANDYAppDelegate.h */,
				147CD02C18C68CC00062BD44 /* ANDYAppDelegate.m */,
			);
			path = AppDelegate;
			sourceTree = "<group>";
		};
		147CD03418C68F8A0062BD44 /* ANDYCardStack */ = {
			isa = PBXGroup;
			children = (
				147CD03518C68F8A0062BD44 /* ANDYCardStackViewController.h */,
				147CD03618C68F8A0062BD44 /* ANDYCardStackViewController.m */,
				1484D7F418C7C290002FB775 /* ANDYCardStackLayout.h */,
				1484D7F518C7C290002FB775 /* ANDYCardStackLayout.m */,
				1484D7F718C7C2BD002FB775 /* ANDYCardCell.h */,
				1484D7F818C7C2BD002FB775 /* ANDYCardCell.m */,
			);
			name = ANDYCardStack;
			path = ../ANDYCardStack;
			sourceTree = "<group>";
		};
/* End PBXGroup section */

/* Begin PBXNativeTarget section */
		147CCFF718C68C930062BD44 /* Demo */ = {
			isa = PBXNativeTarget;
			buildConfigurationList = 147CD02418C68C930062BD44 /* Build configuration list for PBXNativeTarget "Demo" */;
			buildPhases = (
				147CCFF418C68C930062BD44 /* Sources */,
				147CCFF518C68C930062BD44 /* Frameworks */,
				147CCFF618C68C930062BD44 /* Resources */,
			);
			buildRules = (
			);
			dependencies = (
			);
			name = Demo;
			productName = Demo;
			productReference = 147CCFF818C68C930062BD44 /* Demo.app */;
			productType = "com.apple.product-type.application";
		};
		147CD01218C68C930062BD44 /* DemoTests */ = {
			isa = PBXNativeTarget;
			buildConfigurationList = 147CD02718C68C930062BD44 /* Build configuration list for PBXNativeTarget "DemoTests" */;
			buildPhases = (
				147CD00F18C68C930062BD44 /* Sources */,
				147CD01018C68C930062BD44 /* Frameworks */,
				147CD01118C68C930062BD44 /* Resources */,
			);
			buildRules = (
			);
			dependencies = (
				147CD01918C68C930062BD44 /* PBXTargetDependency */,
			);
			name = DemoTests;
			productName = DemoTests;
			productReference = 147CD01318C68C930062BD44 /* DemoTests.xctest */;
			productType = "com.apple.product-type.bundle.unit-test";
		};
/* End PBXNativeTarget section */

/* Begin PBXProject section */
		147CCFF018C68C930062BD44 /* Project object */ = {
			isa = PBXProject;
			attributes = {
				CLASSPREFIX = ANDY;
				LastUpgradeCheck = 0510;
				ORGANIZATIONNAME = ANDY;
				TargetAttributes = {
					147CD01218C68C930062BD44 = {
						TestTargetID = 147CCFF718C68C930062BD44;
					};
				};
			};
			buildConfigurationList = 147CCFF318C68C930062BD44 /* Build configuration list for PBXProject "Demo" */;
			compatibilityVersion = "Xcode 3.2";
			developmentRegion = English;
			hasScannedForEncodings = 0;
			knownRegions = (
				en,
			);
			mainGroup = 147CCFEF18C68C930062BD44;
			productRefGroup = 147CCFF918C68C930062BD44 /* Products */;
			projectDirPath = "";
			projectRoot = "";
			targets = (
				147CCFF718C68C930062BD44 /* Demo */,
				147CD01218C68C930062BD44 /* DemoTests */,
			);
		};
/* End PBXProject section */

/* Begin PBXResourcesBuildPhase section */
		147CCFF618C68C930062BD44 /* Resources */ = {
			isa = PBXResourcesBuildPhase;
			buildActionMask = 2147483647;
			files = (
				147CD00618C68C930062BD44 /* InfoPlist.strings in Resources */,
				147CD00E18C68C930062BD44 /* Images.xcassets in Resources */,
			);
			runOnlyForDeploymentPostprocessing = 0;
		};
		147CD01118C68C930062BD44 /* Resources */ = {
			isa = PBXResourcesBuildPhase;
			buildActionMask = 2147483647;
			files = (
				147CD01F18C68C930062BD44 /* InfoPlist.strings in Resources */,
			);
			runOnlyForDeploymentPostprocessing = 0;
		};
/* End PBXResourcesBuildPhase section */

/* Begin PBXSourcesBuildPhase section */
		147CCFF418C68C930062BD44 /* Sources */ = {
			isa = PBXSourcesBuildPhase;
			buildActionMask = 2147483647;
			files = (
				1484D7F618C7C290002FB775 /* ANDYCardStackLayout.m in Sources */,
				147CD02D18C68CC00062BD44 /* ANDYAppDelegate.m in Sources */,
				1415E1CC18DEFBD3007360B5 /* ANDYMainViewController.m in Sources */,
				147CD00818C68C930062BD44 /* main.m in Sources */,
				1484D7F918C7C2BD002FB775 /* ANDYCardCell.m in Sources */,
				147CD03718C68F8A0062BD44 /* ANDYCardStackViewController.m in Sources */,
			);
			runOnlyForDeploymentPostprocessing = 0;
		};
		147CD00F18C68C930062BD44 /* Sources */ = {
			isa = PBXSourcesBuildPhase;
			buildActionMask = 2147483647;
			files = (
				147CD02118C68C930062BD44 /* DemoTests.m in Sources */,
			);
			runOnlyForDeploymentPostprocessing = 0;
		};
/* End PBXSourcesBuildPhase section */

/* Begin PBXTargetDependency section */
		147CD01918C68C930062BD44 /* PBXTargetDependency */ = {
			isa = PBXTargetDependency;
			target = 147CCFF718C68C930062BD44 /* Demo */;
			targetProxy = 147CD01818C68C930062BD44 /* PBXContainerItemProxy */;
		};
/* End PBXTargetDependency section */

/* Begin PBXVariantGroup section */
		147CD00418C68C930062BD44 /* InfoPlist.strings */ = {
			isa = PBXVariantGroup;
			children = (
				147CD00518C68C930062BD44 /* en */,
			);
			name = InfoPlist.strings;
			sourceTree = "<group>";
		};
		147CD01D18C68C930062BD44 /* InfoPlist.strings */ = {
			isa = PBXVariantGroup;
			children = (
				147CD01E18C68C930062BD44 /* en */,
			);
			name = InfoPlist.strings;
			sourceTree = "<group>";
		};
/* End PBXVariantGroup section */

/* Begin XCBuildConfiguration section */
		147CD02218C68C930062BD44 /* Debug */ = {
			isa = XCBuildConfiguration;
			buildSettings = {
				ALWAYS_SEARCH_USER_PATHS = NO;
				CLANG_CXX_LANGUAGE_STANDARD = "gnu++0x";
				CLANG_CXX_LIBRARY = "libc++";
				CLANG_ENABLE_MODULES = YES;
				CLANG_ENABLE_OBJC_ARC = YES;
				CLANG_WARN_BOOL_CONVERSION = YES;
				CLANG_WARN_CONSTANT_CONVERSION = YES;
				CLANG_WARN_DIRECT_OBJC_ISA_USAGE = YES_ERROR;
				CLANG_WARN_EMPTY_BODY = YES;
				CLANG_WARN_ENUM_CONVERSION = YES;
				CLANG_WARN_INT_CONVERSION = YES;
				CLANG_WARN_OBJC_ROOT_CLASS = YES_ERROR;
				CLANG_WARN__DUPLICATE_METHOD_MATCH = YES;
				"CODE_SIGN_IDENTITY[sdk=iphoneos*]" = "iPhone Developer";
				COPY_PHASE_STRIP = NO;
				GCC_C_LANGUAGE_STANDARD = gnu99;
				GCC_DYNAMIC_NO_PIC = NO;
				GCC_OPTIMIZATION_LEVEL = 0;
				GCC_PREPROCESSOR_DEFINITIONS = (
					"DEBUG=1",
					"$(inherited)",
				);
				GCC_SYMBOLS_PRIVATE_EXTERN = NO;
				GCC_WARN_64_TO_32_BIT_CONVERSION = YES;
				GCC_WARN_ABOUT_RETURN_TYPE = YES_ERROR;
				GCC_WARN_UNDECLARED_SELECTOR = YES;
				GCC_WARN_UNINITIALIZED_AUTOS = YES;
				GCC_WARN_UNUSED_FUNCTION = YES;
				GCC_WARN_UNUSED_VARIABLE = YES;
				IPHONEOS_DEPLOYMENT_TARGET = 7.0;
				ONLY_ACTIVE_ARCH = YES;
				SDKROOT = iphoneos;
			};
			name = Debug;
		};
		147CD02318C68C930062BD44 /* Release */ = {
			isa = XCBuildConfiguration;
			buildSettings = {
				ALWAYS_SEARCH_USER_PATHS = NO;
				CLANG_CXX_LANGUAGE_STANDARD = "gnu++0x";
				CLANG_CXX_LIBRARY = "libc++";
				CLANG_ENABLE_MODULES = YES;
				CLANG_ENABLE_OBJC_ARC = YES;
				CLANG_WARN_BOOL_CONVERSION = YES;
				CLANG_WARN_CONSTANT_CONVERSION = YES;
				CLANG_WARN_DIRECT_OBJC_ISA_USAGE = YES_ERROR;
				CLANG_WARN_EMPTY_BODY = YES;
				CLANG_WARN_ENUM_CONVERSION = YES;
				CLANG_WARN_INT_CONVERSION = YES;
				CLANG_WARN_OBJC_ROOT_CLASS = YES_ERROR;
				CLANG_WARN__DUPLICATE_METHOD_MATCH = YES;
				"CODE_SIGN_IDENTITY[sdk=iphoneos*]" = "iPhone Developer";
				COPY_PHASE_STRIP = YES;
				ENABLE_NS_ASSERTIONS = NO;
				GCC_C_LANGUAGE_STANDARD = gnu99;
				GCC_WARN_64_TO_32_BIT_CONVERSION = YES;
				GCC_WARN_ABOUT_RETURN_TYPE = YES_ERROR;
				GCC_WARN_UNDECLARED_SELECTOR = YES;
				GCC_WARN_UNINITIALIZED_AUTOS = YES;
				GCC_WARN_UNUSED_FUNCTION = YES;
				GCC_WARN_UNUSED_VARIABLE = YES;
				IPHONEOS_DEPLOYMENT_TARGET = 7.0;
				SDKROOT = iphoneos;
				VALIDATE_PRODUCT = YES;
			};
			name = Release;
		};
		147CD02518C68C930062BD44 /* Debug */ = {
			isa = XCBuildConfiguration;
			buildSettings = {
				ASSETCATALOG_COMPILER_APPICON_NAME = AppIcon;
				ASSETCATALOG_COMPILER_LAUNCHIMAGE_NAME = LaunchImage;
				GCC_PRECOMPILE_PREFIX_HEADER = YES;
				GCC_PREFIX_HEADER = "Demo/Demo-Prefix.pch";
				INFOPLIST_FILE = "Demo/Demo-Info.plist";
				PRODUCT_NAME = "$(TARGET_NAME)";
				WRAPPER_EXTENSION = app;
			};
			name = Debug;
		};
		147CD02618C68C930062BD44 /* Release */ = {
			isa = XCBuildConfiguration;
			buildSettings = {
				ASSETCATALOG_COMPILER_APPICON_NAME = AppIcon;
				ASSETCATALOG_COMPILER_LAUNCHIMAGE_NAME = LaunchImage;
				GCC_PRECOMPILE_PREFIX_HEADER = YES;
				GCC_PREFIX_HEADER = "Demo/Demo-Prefix.pch";
				INFOPLIST_FILE = "Demo/Demo-Info.plist";
				PRODUCT_NAME = "$(TARGET_NAME)";
				WRAPPER_EXTENSION = app;
			};
			name = Release;
		};
		147CD02818C68C930062BD44 /* Debug */ = {
			isa = XCBuildConfiguration;
			buildSettings = {
				BUNDLE_LOADER = "$(BUILT_PRODUCTS_DIR)/Demo.app/Demo";
				FRAMEWORK_SEARCH_PATHS = (
					"$(SDKROOT)/Developer/Library/Frameworks",
					"$(inherited)",
					"$(DEVELOPER_FRAMEWORKS_DIR)",
				);
				GCC_PRECOMPILE_PREFIX_HEADER = YES;
				GCC_PREFIX_HEADER = "Demo/Demo-Prefix.pch";
				GCC_PREPROCESSOR_DEFINITIONS = (
					"DEBUG=1",
					"$(inherited)",
				);
				INFOPLIST_FILE = "DemoTests/DemoTests-Info.plist";
				PRODUCT_NAME = "$(TARGET_NAME)";
				TEST_HOST = "$(BUNDLE_LOADER)";
				WRAPPER_EXTENSION = xctest;
			};
			name = Debug;
		};
		147CD02918C68C930062BD44 /* Release */ = {
			isa = XCBuildConfiguration;
			buildSettings = {
				BUNDLE_LOADER = "$(BUILT_PRODUCTS_DIR)/Demo.app/Demo";
				FRAMEWORK_SEARCH_PATHS = (
					"$(SDKROOT)/Developer/Library/Frameworks",
					"$(inherited)",
					"$(DEVELOPER_FRAMEWORKS_DIR)",
				);
				GCC_PRECOMPILE_PREFIX_HEADER = YES;
				GCC_PREFIX_HEADER = "Demo/Demo-Prefix.pch";
				INFOPLIST_FILE = "DemoTests/DemoTests-Info.plist";
				PRODUCT_NAME = "$(TARGET_NAME)";
				TEST_HOST = "$(BUNDLE_LOADER)";
				WRAPPER_EXTENSION = xctest;
			};
			name = Release;
		};
/* End XCBuildConfiguration section */

/* Begin XCConfigurationList section */
		147CCFF318C68C930062BD44 /* Build configuration list for PBXProject "Demo" */ = {
			isa = XCConfigurationList;
			buildConfigurations = (
				147CD02218C68C930062BD44 /* Debug */,
				147CD02318C68C930062BD44 /* Release */,
			);
			defaultConfigurationIsVisible = 0;
			defaultConfigurationName = Release;
		};
		147CD02418C68C930062BD44 /* Build configuration list for PBXNativeTarget "Demo" */ = {
			isa = XCConfigurationList;
			buildConfigurations = (
				147CD02518C68C930062BD44 /* Debug */,
				147CD02618C68C930062BD44 /* Release */,
			);
			defaultConfigurationIsVisible = 0;
			defaultConfigurationName = Release;
		};
		147CD02718C68C930062BD44 /* Build configuration list for PBXNativeTarget "DemoTests" */ = {
			isa = XCConfigurationList;
			buildConfigurations = (
				147CD02818C68C930062BD44 /* Debug */,
				147CD02918C68C930062BD44 /* Release */,
			);
			defaultConfigurationIsVisible = 0;
			defaultConfigurationName = Release;
		};
/* End XCConfigurationList section */
	};
	rootObject = 147CCFF018C68C930062BD44 /* Project object */;
}
